
Microsoft Visual Studio Solution File, Format Version 12.00
# Visual Studio Version 16
VisualStudioVersion = 16.0.31727.386
MinimumVisualStudioVersion = 10.0.40219.1
Project("{FAE04EC0-301F-11D3-BF4B-00C04F79EFBC}") = "ConsoleApp2", "ConsoleApp2\ConsoleApp2.csproj", "{37EFACAA-D402-4843-8E68-00421D5D10EF}"
EndProject
Global
	GlobalSection(SolutionConfigurationPlatforms) = preSolution
		Debug|Any CPU = Debug|Any CPU
		Release|Any CPU = Release|Any CPU
	EndGlobalSection
	GlobalSection(ProjectConfigurationPlatforms) = postSolution
		{37EFACAA-D402-4843-8E68-00421D5D10EF}.Debug|Any CPU.ActiveCfg = Debug|Any CPU
		{37EFACAA-D402-4843-8E68-00421D5D10EF}.Debug|Any CPU.Build.0 = Debug|Any CPU
		{37EFACAA-D402-4843-8E68-00421D5D10EF}.Release|Any CPU.ActiveCfg = Release|Any CPU
		{37EFACAA-D402-4843-8E68-00421D5D10EF}.Release|Any CPU.Build.0 = Release|Any CPU
	EndGlobalSection
	GlobalSection(SolutionProperties) = preSolution
		HideSolutionNode = FALSE
	EndGlobalSection
	GlobalSection(ExtensibilityGlobals) = postSolution
		SolutionGuid = {3C4D174A-1247-492A-9B71-CCA90FD3B8D3}
	EndGlobalSection
EndGlobal
